<?xml version="1.0" encoding="utf-8"?>
<Project ToolsVersion="4.0" xmlns="http://schemas.microsoft.com/developer/msbuild/2003">
  <ItemGroup>
    <Filter Include="Source Files">
      <UniqueIdentifier>{cc9e7b80-843a-4e58-b41d-ecc10b1ec074}</UniqueIdentifier>
      <Extensions>.cpp</Extensions>
    </Filter>
    <Filter Include="Header Files">
      <UniqueIdentifier>{9f3d8ba6-bd4b-4c08-97e6-226d52ff3dc6}</UniqueIdentifier>
      <Extensions>.;.h</Extensions>
    </Filter>
    <Filter Include="Miscellaneous">
      <UniqueIdentifier>{30419735-7b2b-4306-93c6-774e83dd57e6}</UniqueIdentifier>
    </Filter>
  </ItemGroup>
  <ItemGroup>
    <ClCompile Include="..\..\..\cryptopp-561\cryptopp\3way.cpp" />
    <ClCompile Include="..\..\..\cryptopp-561\cryptopp\adler32.cpp" />
    <ClCompile Include="..\..\..\cryptopp-561\cryptopp\algebra.cpp" />
    <ClCompile Include="..\..\..\cryptopp-561\cryptopp\algparam.cpp" />
    <ClCompile Include="..\..\..\cryptopp-561\cryptopp\arc4.cpp" />
    <ClCompile Include="..\..\..\cryptopp-561\cryptopp\asn.cpp" />
    <ClCompile Include="..\..\..\cryptopp-561\cryptopp\authenc.cpp" />
    <ClCompile Include="..\..\..\cryptopp-561\cryptopp\base32.cpp" />
    <ClCompile Include="..\..\..\cryptopp-561\cryptopp\base64.cpp" />
    <ClCompile Include="..\..\..\cryptopp-561\cryptopp\basecode.cpp" />
    <ClCompile Include="..\..\..\cryptopp-561\cryptopp\bfinit.cpp" />
    <ClCompile Include="..\..\..\cryptopp-561\cryptopp\blowfish.cpp" />
    <ClCompile Include="..\..\..\cryptopp-561\cryptopp\blumshub.cpp" />
    <ClCompile Include="..\..\..\cryptopp-561\cryptopp\camellia.cpp" />
    <ClCompile Include="..\..\..\cryptopp-561\cryptopp\cast.cpp" />
    <ClCompile Include="..\..\..\cryptopp-561\cryptopp\casts.cpp" />
    <ClCompile Include="..\..\..\cryptopp-561\cryptopp\cbcmac.cpp" />
    <ClCompile Include="..\..\..\cryptopp-561\cryptopp\ccm.cpp" />
    <ClCompile Include="..\..\..\cryptopp-561\cryptopp\channels.cpp" />
    <ClCompile Include="..\..\..\cryptopp-561\cryptopp\cmac.cpp" />
    <ClCompile Include="..\..\..\cryptopp-561\cryptopp\cpu.cpp" />
    <ClCompile Include="..\..\..\cryptopp-561\cryptopp\crc.cpp" />
    <ClCompile Include="..\..\..\cryptopp-561\cryptopp\cryptlib.cpp" />
    <ClCompile Include="..\..\..\cryptopp-561\cryptopp\default.cpp" />
    <ClCompile Include="..\..\..\cryptopp-561\cryptopp\des.cpp" />
    <ClCompile Include="..\..\..\cryptopp-561\cryptopp\dessp.cpp" />
    <ClCompile Include="..\..\..\cryptopp-561\cryptopp\dh.cpp" />
    <ClCompile Include="..\..\..\cryptopp-561\cryptopp\dh2.cpp" />
    <ClCompile Include="..\..\..\cryptopp-561\cryptopp\dll.cpp" />
    <ClCompile Include="..\..\..\cryptopp-561\cryptopp\dsa.cpp" />
    <ClCompile Include="..\..\..\cryptopp-561\cryptopp\eax.cpp" />
    <ClCompile Include="..\..\..\cryptopp-561\cryptopp\ec2n.cpp" />
    <ClCompile Include="..\..\..\cryptopp-561\cryptopp\eccrypto.cpp" />
    <ClCompile Include="..\..\..\cryptopp-561\cryptopp\ecp.cpp" />
    <ClCompile Include="..\..\..\cryptopp-561\cryptopp\elgamal.cpp" />
    <ClCompile Include="..\..\..\cryptopp-561\cryptopp\emsa2.cpp" />
    <ClCompile Include="..\..\..\cryptopp-561\cryptopp\eprecomp.cpp" />
    <ClCompile Include="..\..\..\cryptopp-561\cryptopp\esign.cpp" />
    <ClCompile Include="..\..\..\cryptopp-561\cryptopp\files.cpp" />
    <ClCompile Include="..\..\..\cryptopp-561\cryptopp\filters.cpp" />
    <ClCompile Include="..\..\..\cryptopp-561\cryptopp\fips140.cpp" />
    <ClCompile Include="..\..\..\cryptopp-561\cryptopp\gcm.cpp" />
    <ClCompile Include="..\..\..\cryptopp-561\cryptopp\gf256.cpp" />
    <ClCompile Include="..\..\..\cryptopp-561\cryptopp\gf2_32.cpp" />
    <ClCompile Include="..\..\..\cryptopp-561\cryptopp\gf2n.cpp" />
    <ClCompile Include="..\..\..\cryptopp-561\cryptopp\gfpcrypt.cpp" />
    <ClCompile Include="..\..\..\cryptopp-561\cryptopp\gost.cpp" />
    <ClCompile Include="..\..\..\cryptopp-561\cryptopp\gzip.cpp" />
    <ClCompile Include="..\..\..\cryptopp-561\cryptopp\hex.cpp" />
    <ClCompile Include="..\..\..\cryptopp-561\cryptopp\hmac.cpp" />
    <ClCompile Include="..\..\..\cryptopp-561\cryptopp\hrtimer.cpp" />
    <ClCompile Include="..\..\..\cryptopp-561\cryptopp\ida.cpp" />
    <ClCompile Include="..\..\..\cryptopp-561\cryptopp\idea.cpp" />
    <ClCompile Include="..\..\..\cryptopp-561\cryptopp\integer.cpp" />
    <ClCompile Include="..\..\..\cryptopp-561\cryptopp\iterhash.cpp" />
    <ClCompile Include="..\..\..\cryptopp-561\cryptopp\luc.cpp" />
    <ClCompile Include="..\..\..\cryptopp-561\cryptopp\mars.cpp" />
    <ClCompile Include="..\..\..\cryptopp-561\cryptopp\marss.cpp" />
    <ClCompile Include="..\..\..\cryptopp-561\cryptopp\md2.cpp" />
    <ClCompile Include="..\..\..\cryptopp-561\cryptopp\md4.cpp" />
    <ClCompile Include="..\..\..\cryptopp-561\cryptopp\md5.cpp" />
    <ClCompile Include="..\..\..\cryptopp-561\cryptopp\misc.cpp" />
    <ClCompile Include="..\..\..\cryptopp-561\cryptopp\modes.cpp" />
    <ClCompile Include="..\..\..\cryptopp-561\cryptopp\mqueue.cpp" />
    <ClCompile Include="..\..\..\cryptopp-561\cryptopp\mqv.cpp" />
    <ClCompile Include="..\..\..\cryptopp-561\cryptopp\nbtheory.cpp" />
    <ClCompile Include="..\..\..\cryptopp-561\cryptopp\network.cpp" />
    <ClCompile Include="..\..\..\cryptopp-561\cryptopp\oaep.cpp" />
    <ClCompile Include="..\..\..\cryptopp-561\cryptopp\osrng.cpp" />
    <ClCompile Include="..\..\..\cryptopp-561\cryptopp\panama.cpp" />
    <ClCompile Include="..\..\..\cryptopp-561\cryptopp\pch.cpp" />
    <ClCompile Include="..\..\..\cryptopp-561\cryptopp\pkcspad.cpp" />
    <ClCompile Include="..\..\..\cryptopp-561\cryptopp\polynomi.cpp" />
    <ClCompile Include="..\..\..\cryptopp-561\cryptopp\pssr.cpp" />
    <ClCompile Include="..\..\..\cryptopp-561\cryptopp\pubkey.cpp" />
    <ClCompile Include="..\..\..\cryptopp-561\cryptopp\queue.cpp" />
    <ClCompile Include="..\..\..\cryptopp-561\cryptopp\rabin.cpp" />
    <ClCompile Include="..\..\..\cryptopp-561\cryptopp\randpool.cpp" />
    <ClCompile Include="..\..\..\cryptopp-561\cryptopp\rc2.cpp" />
    <ClCompile Include="..\..\..\cryptopp-561\cryptopp\rc5.cpp" />
    <ClCompile Include="..\..\..\cryptopp-561\cryptopp\rc6.cpp" />
    <ClCompile Include="..\..\..\cryptopp-561\cryptopp\rdtables.cpp" />
    <ClCompile Include="..\..\..\cryptopp-561\cryptopp\rijndael.cpp" />
    <ClCompile Include="..\..\..\cryptopp-561\cryptopp\ripemd.cpp" />
    <ClCompile Include="..\..\..\cryptopp-561\cryptopp\rng.cpp" />
    <ClCompile Include="..\..\..\cryptopp-561\cryptopp\rsa.cpp" />
    <ClCompile Include="..\..\..\cryptopp-561\cryptopp\rw.cpp" />
    <ClCompile Include="..\..\..\cryptopp-561\cryptopp\safer.cpp" />
    <ClCompile Include="..\..\..\cryptopp-561\cryptopp\salsa.cpp" />
    <ClCompile Include="..\..\..\cryptopp-561\cryptopp\seal.cpp" />
    <ClCompile Include="..\..\..\cryptopp-561\cryptopp\seed.cpp" />
    <ClCompile Include="..\..\..\cryptopp-561\cryptopp\serpent.cpp" />
    <ClCompile Include="..\..\..\cryptopp-561\cryptopp\sha.cpp" />
    <ClCompile Include="..\..\..\cryptopp-561\cryptopp\shacal2.cpp" />
    <ClCompile Include="..\..\..\cryptopp-561\cryptopp\shark.cpp" />
    <ClCompile Include="..\..\..\cryptopp-561\cryptopp\sharkbox.cpp" />
    <ClCompile Include="..\..\..\cryptopp-561\cryptopp\simple.cpp" />
    <ClCompile Include="..\..\..\cryptopp-561\cryptopp\skipjack.cpp" />
    <ClCompile Include="..\..\..\cryptopp-561\cryptopp\socketft.cpp" />
    <ClCompile Include="..\..\..\cryptopp-561\cryptopp\sosemanuk.cpp" />
    <ClCompile Include="..\..\..\cryptopp-561\cryptopp\square.cpp" />
    <ClCompile Include="..\..\..\cryptopp-561\cryptopp\squaretb.cpp" />
    <ClCompile Include="..\..\..\cryptopp-561\cryptopp\strciphr.cpp" />
    <ClCompile Include="..\..\..\cryptopp-561\cryptopp\tea.cpp" />
    <ClCompile Include="..\..\..\cryptopp-561\cryptopp\tftables.cpp" />
    <ClCompile Include="..\..\..\cryptopp-561\cryptopp\tiger.cpp" />
    <ClCompile Include="..\..\..\cryptopp-561\cryptopp\tigertab.cpp" />
    <ClCompile Include="..\..\..\cryptopp-561\cryptopp\trdlocal.cpp" />
    <ClCompile Include="..\..\..\cryptopp-561\cryptopp\ttmac.cpp" />
    <ClCompile Include="..\..\..\cryptopp-561\cryptopp\twofish.cpp" />
    <ClCompile Include="..\..\..\cryptopp-561\cryptopp\vmac.cpp" />
    <ClCompile Include="..\..\..\cryptopp-561\cryptopp\wait.cpp" />
    <ClCompile Include="..\..\..\cryptopp-561\cryptopp\wake.cpp" />
    <ClCompile Include="..\..\..\cryptopp-561\cryptopp\whrlpool.cpp" />
    <ClCompile Include="..\..\..\cryptopp-561\cryptopp\winpipes.cpp" />
    <ClCompile Include="..\..\..\cryptopp-561\cryptopp\xtr.cpp" />
    <ClCompile Include="..\..\..\cryptopp-561\cryptopp\xtrcrypt.cpp" />
    <ClCompile Include="..\..\..\cryptopp-561\cryptopp\zdeflate.cpp" />
    <ClCompile Include="..\..\..\cryptopp-561\cryptopp\zinflate.cpp" />
    <ClCompile Include="..\..\..\cryptopp-561\cryptopp\zlib.cpp" />
  </ItemGroup>
  <ItemGroup>
    <None Include="..\..\..\cryptopp-561\cryptopp\Doxyfile" />
    <None Include="..\..\..\cryptopp-561\cryptopp\GNUmakefile" />
    <None Include="..\..\..\cryptopp-561\cryptopp\License.txt" />
    <None Include="..\..\..\cryptopp-561\cryptopp\Readme.txt" />
  </ItemGroup>
  <ItemGroup>
    <ClInclude Include="..\..\..\cryptopp-561\cryptopp\3way.h" />
    <ClInclude Include="..\..\..\cryptopp-561\cryptopp\adler32.h" />
    <ClInclude Include="..\..\..\cryptopp-561\cryptopp\aes.h" />
    <ClInclude Include="..\..\..\cryptopp-561\cryptopp\algebra.h" />
    <ClInclude Include="..\..\..\cryptopp-561\cryptopp\algparam.h" />
    <ClInclude Include="..\..\..\cryptopp-561\cryptopp\arc4.h" />
    <ClInclude Include="..\..\..\cryptopp-561\cryptopp\argnames.h" />
    <ClInclude Include="..\..\..\cryptopp-561\cryptopp\asn.h" />
    <ClInclude Include="..\..\..\cryptopp-561\cryptopp\authenc.h" />
    <ClInclude Include="..\..\..\cryptopp-561\cryptopp\base32.h" />
    <ClInclude Include="..\..\..\cryptopp-561\cryptopp\base64.h" />
    <ClInclude Include="..\..\..\cryptopp-561\cryptopp\basecode.h" />
    <ClInclude Include="..\..\..\cryptopp-561\cryptopp\blowfish.h" />
    <ClInclude Include="..\..\..\cryptopp-561\cryptopp\blumshub.h" />
    <ClInclude Include="..\..\..\cryptopp-561\cryptopp\camellia.h" />
    <ClInclude Include="..\..\..\cryptopp-561\cryptopp\cast.h" />
    <ClInclude Include="..\..\..\cryptopp-561\cryptopp\cbcmac.h" />
    <ClInclude Include="..\..\..\cryptopp-561\cryptopp\ccm.h" />
    <ClInclude Include="..\..\..\cryptopp-561\cryptopp\channels.h" />
    <ClInclude Include="..\..\..\cryptopp-561\cryptopp\cmac.h" />
    <ClInclude Include="..\..\..\cryptopp-561\cryptopp\config.h" />
    <ClInclude Include="..\..\..\cryptopp-561\cryptopp\cpu.h" />
    <ClInclude Include="..\..\..\cryptopp-561\cryptopp\crc.h" />
    <ClInclude Include="..\..\..\cryptopp-561\cryptopp\cryptlib.h" />
    <ClInclude Include="..\..\..\cryptopp-561\cryptopp\default.h" />
    <ClInclude Include="..\..\..\cryptopp-561\cryptopp\des.h" />
    <ClInclude Include="..\..\..\cryptopp-561\cryptopp\dh.h" />
    <ClInclude Include="..\..\..\cryptopp-561\cryptopp\dh2.h" />
    <ClInclude Include="..\..\..\cryptopp-561\cryptopp\dmac.h" />
    <ClInclude Include="..\..\..\cryptopp-561\cryptopp\dsa.h" />
    <ClInclude Include="..\..\..\cryptopp-561\cryptopp\eax.h" />
    <ClInclude Include="..\..\..\cryptopp-561\cryptopp\ec2n.h" />
    <ClInclude Include="..\..\..\cryptopp-561\cryptopp\eccrypto.h" />
    <ClInclude Include="..\..\..\cryptopp-561\cryptopp\ecp.h" />
    <ClInclude Include="..\..\..\cryptopp-561\cryptopp\elgamal.h" />
    <ClInclude Include="..\..\..\cryptopp-561\cryptopp\emsa2.h" />
    <ClInclude Include="..\..\..\cryptopp-561\cryptopp\eprecomp.h" />
    <ClInclude Include="..\..\..\cryptopp-561\cryptopp\esign.h" />
    <ClInclude Include="..\..\..\cryptopp-561\cryptopp\files.h" />
    <ClInclude Include="..\..\..\cryptopp-561\cryptopp\filters.h" />
    <ClInclude Include="..\..\..\cryptopp-561\cryptopp\fips140.h" />
    <ClInclude Include="..\..\..\cryptopp-561\cryptopp\fltrimpl.h" />
    <ClInclude Include="..\..\..\cryptopp-561\cryptopp\gcm.h" />
    <ClInclude Include="..\..\..\cryptopp-561\cryptopp\gf256.h" />
    <ClInclude Include="..\..\..\cryptopp-561\cryptopp\gf2_32.h" />
    <ClInclude Include="..\..\..\cryptopp-561\cryptopp\gf2n.h" />
    <ClInclude Include="..\..\..\cryptopp-561\cryptopp\gfpcrypt.h" />
    <ClInclude Include="..\..\..\cryptopp-561\cryptopp\gost.h" />
    <ClInclude Include="..\..\..\cryptopp-561\cryptopp\gzip.h" />
    <ClInclude Include="..\..\..\cryptopp-561\cryptopp\hex.h" />
    <ClInclude Include="..\..\..\cryptopp-561\cryptopp\hmac.h" />
    <ClInclude Include="..\..\..\cryptopp-561\cryptopp\hrtimer.h" />
    <ClInclude Include="..\..\..\cryptopp-561\cryptopp\ida.h" />
    <ClInclude Include="..\..\..\cryptopp-561\cryptopp\idea.h" />
    <ClInclude Include="..\..\..\cryptopp-561\cryptopp\integer.h" />
    <ClInclude Include="..\..\..\cryptopp-561\cryptopp\iterhash.h" />
    <ClInclude Include="..\..\..\cryptopp-561\cryptopp\lubyrack.h" />
    <ClInclude Include="..\..\..\cryptopp-561\cryptopp\luc.h" />
    <ClInclude Include="..\..\..\cryptopp-561\cryptopp\mars.h" />
    <ClInclude Include="..\..\..\cryptopp-561\cryptopp\md2.h" />
    <ClInclude Include="..\..\..\cryptopp-561\cryptopp\md4.h" />
    <ClInclude Include="..\..\..\cryptopp-561\cryptopp\md5.h" />
    <ClInclude Include="..\..\..\cryptopp-561\cryptopp\mdc.h" />
    <ClInclude Include="..\..\..\cryptopp-561\cryptopp\misc.h" />
    <ClInclude Include="..\..\..\cryptopp-561\cryptopp\modarith.h" />
    <ClInclude Include="..\..\..\cryptopp-561\cryptopp\modes.h" />
    <ClInclude Include="..\..\..\cryptopp-561\cryptopp\modexppc.h" />
    <ClInclude Include="..\..\..\cryptopp-561\cryptopp\mqueue.h" />
    <ClInclude Include="..\..\..\cryptopp-561\cryptopp\mqv.h" />
    <ClInclude Include="..\..\..\cryptopp-561\cryptopp\nbtheory.h" />
    <ClInclude Include="..\..\..\cryptopp-561\cryptopp\network.h" />
    <ClInclude Include="..\..\..\cryptopp-561\cryptopp\nr.h" />
    <ClInclude Include="..\..\..\cryptopp-561\cryptopp\oaep.h" />
    <ClInclude Include="..\..\..\cryptopp-561\cryptopp\oids.h" />
    <ClInclude Include="..\..\..\cryptopp-561\cryptopp\osrng.h" />
    <ClInclude Include="..\..\..\cryptopp-561\cryptopp\panama.h" />
    <ClInclude Include="..\..\..\cryptopp-561\cryptopp\pch.h" />
    <ClInclude Include="..\..\..\cryptopp-561\cryptopp\pkcspad.h" />
    <ClInclude Include="..\..\..\cryptopp-561\cryptopp\polynomi.h" />
    <ClInclude Include="..\..\..\cryptopp-561\cryptopp\pssr.h" />
    <ClInclude Include="..\..\..\cryptopp-561\cryptopp\pubkey.h" />
    <ClInclude Include="..\..\..\cryptopp-561\cryptopp\pwdbased.h" />
    <ClInclude Include="..\..\..\cryptopp-561\cryptopp\queue.h" />
    <ClInclude Include="..\..\..\cryptopp-561\cryptopp\rabin.h" />
    <ClInclude Include="..\..\..\cryptopp-561\cryptopp\randpool.h" />
    <ClInclude Include="..\..\..\cryptopp-561\cryptopp\rc2.h" />
    <ClInclude Include="..\..\..\cryptopp-561\cryptopp\rc5.h" />
    <ClInclude Include="..\..\..\cryptopp-561\cryptopp\rc6.h" />
    <ClInclude Include="..\..\..\cryptopp-561\cryptopp\rijndael.h" />
    <ClInclude Include="..\..\..\cryptopp-561\cryptopp\ripemd.h" />
    <ClInclude Include="..\..\..\cryptopp-561\cryptopp\rng.h" />
    <ClInclude Include="..\..\..\cryptopp-561\cryptopp\rsa.h" />
    <ClInclude Include="..\..\..\cryptopp-561\cryptopp\rw.h" />
    <ClInclude Include="..\..\..\cryptopp-561\cryptopp\safer.h" />
    <ClInclude Include="..\..\..\cryptopp-561\cryptopp\salsa.h" />
    <ClInclude Include="..\..\..\cryptopp-561\cryptopp\seal.h" />
    <ClInclude Include="..\..\..\cryptopp-561\cryptopp\secblock.h" />
    <ClInclude Include="..\..\..\cryptopp-561\cryptopp\seckey.h" />
    <ClInclude Include="..\..\..\cryptopp-561\cryptopp\seed.h" />
    <ClInclude Include="..\..\..\cryptopp-561\cryptopp\serpent.h" />
    <ClInclude Include="..\..\..\cryptopp-561\cryptopp\sha.h" />
    <ClInclude Include="..\..\..\cryptopp-561\cryptopp\shacal2.h" />
    <ClInclude Include="..\..\..\cryptopp-561\cryptopp\shark.h" />
    <ClInclude Include="..\..\..\cryptopp-561\cryptopp\simple.h" />
    <ClInclude Include="..\..\..\cryptopp-561\cryptopp\skipjack.h" />
    <ClInclude Include="..\..\..\cryptopp-561\cryptopp\smartptr.h" />
    <ClInclude Include="..\..\..\cryptopp-561\cryptopp\socketft.h" />
    <ClInclude Include="..\..\..\cryptopp-561\cryptopp\sosemanuk.h" />
    <ClInclude Include="..\..\..\cryptopp-561\cryptopp\square.h" />
    <ClInclude Include="..\..\..\cryptopp-561\cryptopp\stdcpp.h" />
    <ClInclude Include="..\..\..\cryptopp-561\cryptopp\strciphr.h" />
    <ClInclude Include="..\..\..\cryptopp-561\cryptopp\tea.h" />
    <ClInclude Include="..\..\..\cryptopp-561\cryptopp\tiger.h" />
    <ClInclude Include="..\..\..\cryptopp-561\cryptopp\trdlocal.h" />
    <ClInclude Include="..\..\..\cryptopp-561\cryptopp\trunhash.h" />
    <ClInclude Include="..\..\..\cryptopp-561\cryptopp\ttmac.h" />
    <ClInclude Include="..\..\..\cryptopp-561\cryptopp\twofish.h" />
    <ClInclude Include="..\..\..\cryptopp-561\cryptopp\vmac.h" />
    <ClInclude Include="..\..\..\cryptopp-561\cryptopp\wait.h" />
    <ClInclude Include="..\..\..\cryptopp-561\cryptopp\wake.h" />
    <ClInclude Include="..\..\..\cryptopp-561\cryptopp\whrlpool.h" />
    <ClInclude Include="..\..\..\cryptopp-561\cryptopp\winpipes.h" />
    <ClInclude Include="..\..\..\cryptopp-561\cryptopp\words.h" />
    <ClInclude Include="..\..\..\cryptopp-561\cryptopp\xtr.h" />
    <ClInclude Include="..\..\..\cryptopp-561\cryptopp\xtrcrypt.h" />
    <ClInclude Include="..\..\..\cryptopp-561\cryptopp\zdeflate.h" />
    <ClInclude Include="..\..\..\cryptopp-561\cryptopp\zinflate.h" />
    <ClInclude Include="..\..\..\cryptopp-561\cryptopp\zlib.h" />
  </ItemGroup>
  <ItemGroup>
    <CustomBuild Include="..\..\..\cryptopp-561\cryptopp\adhoc.cpp.proto" />
  </ItemGroup>
</Project>